// !$*UTF8*$!
{
	archiveVersion = 1;
	classes = {
	};
	objectVersion = 77;
	objects = {

/* Begin PBXBuildFile section */
		00F134CDB673ECC381CA12DB /* RootView.swift in Sources */ = {isa = PBXBuildFile; fileRef = A23AB8C2D3BC3C1C41272684 /* RootView.swift */; };
		04C0AE56A4F2D2F759E6D415 /* GamePhase.swift in Sources */ = {isa = PBXBuildFile; fileRef = C36DD89E35D1609C0821E07B /* GamePhase.swift */; };
		082E2A379FE47761F6BD6976 /* NotificationService.swift in Sources */ = {isa = PBXBuildFile; fileRef = 17E8C15DCE6423AA6C330097 /* NotificationService.swift */; };
		0B970CE292C1D02F674C526B /* MasterSeeder.swift in Sources */ = {isa = PBXBuildFile; fileRef = 98F5289A8DF49229292880FD /* MasterSeeder.swift */; };
		0FB2755F66F5820C34CE4DCB /* RuleSettingsView.swift in Sources */ = {isa = PBXBuildFile; fileRef = CF3A114F4D1B965E9CACF242 /* RuleSettingsView.swift */; };
		128DFB62618F00A15A292B2C /* CameraPicker.swift in Sources */ = {isa = PBXBuildFile; fileRef = 9577A67BEAAF07D613F921B7 /* CameraPicker.swift */; };
		172A96FBBF9EF7A12C8A95D5 /* MissionEditorView.swift in Sources */ = {isa = PBXBuildFile; fileRef = 991D4D681568F3FE6A5E97E4 /* MissionEditorView.swift */; };
		1D35FAFF3B2971A9C6558F74 /* PhotoStore.swift in Sources */ = {isa = PBXBuildFile; fileRef = FFBD5F08B6D38E6F8547EF08 /* PhotoStore.swift */; };
		2255CD8A38B9304186C7AEEA /* ModelsTests.swift in Sources */ = {isa = PBXBuildFile; fileRef = 902E8A6CD54AD50C8860C443 /* ModelsTests.swift */; };
		22A5D43F082E8846A6E57A12 /* RailAngyerCore in Frameworks */ = {isa = PBXBuildFile; productRef = 02DE3152D31178D49884EE7D /* RailAngyerCore */; };
		2FC555F24DCF7ACFD0621AC1 /* SyncServiceTests.swift in Sources */ = {isa = PBXBuildFile; fileRef = 160DDAA2061EA7F475B61D12 /* SyncServiceTests.swift */; };
		3886453DD60AFC30114F1E53 /* TestHooks.swift in Sources */ = {isa = PBXBuildFile; fileRef = 836563870DB4BE41BCFBBCCE /* TestHooks.swift */; };
		389DA0D9ABC840A4ADD54710 /* ArrivalUITests.swift in Sources */ = {isa = PBXBuildFile; fileRef = 04EB9F6EBC7249DE65B2C846 /* ArrivalUITests.swift */; };
		39C8D61D33C7AAE834005CE2 /* AppMain.swift in Sources */ = {isa = PBXBuildFile; fileRef = EA6A195889CC18D3B9AEE608 /* AppMain.swift */; };
		4709BDB2B2425BDFE948D576 /* GameSessionStoreTests.swift in Sources */ = {isa = PBXBuildFile; fileRef = F772C0174D0030FFE12D7BC7 /* GameSessionStoreTests.swift */; };
		4BA80320271A109545402F7F /* JourneySummaryView.swift in Sources */ = {isa = PBXBuildFile; fileRef = BC980FA50EF6D2BF43C9A954 /* JourneySummaryView.swift */; };
		518D2299AA99EBE7576AE457 /* room.json in Resources */ = {isa = PBXBuildFile; fileRef = 1E0CB81EAFFC74827CB26EBF /* room.json */; };
		582BE1269E3829872FFDF18E /* RoomJoinView.swift in Sources */ = {isa = PBXBuildFile; fileRef = 221879CB631B13ABDD16A06A /* RoomJoinView.swift */; };
		5B961AED1559EB70F013838F /* JourneySummaryTests.swift in Sources */ = {isa = PBXBuildFile; fileRef = 525521B92A37E4A38094FC8D /* JourneySummaryTests.swift */; };
		61D5521E731DFC7E0520012D /* LocationService.swift in Sources */ = {isa = PBXBuildFile; fileRef = 155472042CCA7F23234F9556 /* LocationService.swift */; };
		6404ED69DE04AC95DF1BB2E7 /* Credentials.swift in Sources */ = {isa = PBXBuildFile; fileRef = D6CDBAC8C60FB1763AE4CA74 /* Credentials.swift */; };
		6B90BA797C9F4391AB152AA5 /* ApiClient.swift in Sources */ = {isa = PBXBuildFile; fileRef = 15D222C291090136DEE94441 /* ApiClient.swift */; };
		6DAFF2B6642475CE585D1E79 /* RestoreUITests.swift in Sources */ = {isa = PBXBuildFile; fileRef = 257D88AD64F7FB5DE49EDF5C /* RestoreUITests.swift */; };
		7F846552B332E52C174977BA /* StationMapView.swift in Sources */ = {isa = PBXBuildFile; fileRef = 3904705B0EEBD442E11E0313 /* StationMapView.swift */; };
		966F47B6C8E340A3AB9A6243 /* BoardView.swift in Sources */ = {isa = PBXBuildFile; fileRef = 22A37C559F65A4BBB0C6E8C3 /* BoardView.swift */; };
		9CD1FD877E1C1FC1E87686F2 /* TurnFlowView.swift in Sources */ = {isa = PBXBuildFile; fileRef = 3A20C935B2EE85D434D111CF /* TurnFlowView.swift */; };
		B5E0CB7D0FBDB714DD495CCA /* GameSessionStore.swift in Sources */ = {isa = PBXBuildFile; fileRef = 86EDA20B5E18F9B06DC90198 /* GameSessionStore.swift */; };
		C4662713B87E70F0BFB73B47 /* SyncService.swift in Sources */ = {isa = PBXBuildFile; fileRef = 3B470BF27494F68A94DA16FA /* SyncService.swift */; };
		C645F4276FC93A61AC1DCC61 /* RouteProvider.swift in Sources */ = {isa = PBXBuildFile; fileRef = F104A1A3937B4371EB01F2D3 /* RouteProvider.swift */; };
		C6E478F22C510D5C793EFB7C /* ApiConfiguration.swift in Sources */ = {isa = PBXBuildFile; fileRef = D11D3C151DB16D800074F495 /* ApiConfiguration.swift */; };
		CEBEE71543D6AE2739E150E0 /* BoardMapView.swift in Sources */ = {isa = PBXBuildFile; fileRef = 1BE146ABE7DE17202EA011B9 /* BoardMapView.swift */; };
		D1DC90E4DD017E7A2D148E08 /* SummaryUITests.swift in Sources */ = {isa = PBXBuildFile; fileRef = 5C2E5E2B5DA7E7520C6FC84B /* SummaryUITests.swift */; };
		E27F9C000C9A3626C3330A3A /* Theme.swift in Sources */ = {isa = PBXBuildFile; fileRef = 1156CFFC9852BBD282BE20DE /* Theme.swift */; };
		E36E935AA4775E010D471D82 /* StationDetailView.swift in Sources */ = {isa = PBXBuildFile; fileRef = 3C804299584BFF82C68B12EA /* StationDetailView.swift */; };
		E575A53038C1F1C67FB303D5 /* PendingChange.swift in Sources */ = {isa = PBXBuildFile; fileRef = 62BEE5D3660CDE8F624EAC7C /* PendingChange.swift */; };
		E686C96515C035CA38FB915A /* Models.swift in Sources */ = {isa = PBXBuildFile; fileRef = B72B7C5332DE0B303385DB2B /* Models.swift */; };
		E8603608EFD0FA690EAE2E9E /* MissionAuthoringTests.swift in Sources */ = {isa = PBXBuildFile; fileRef = 8A107F783F5AF89D260EEF38 /* MissionAuthoringTests.swift */; };
		EAEEBA59ABAC4657C7A1758F /* JourneySummary.swift in Sources */ = {isa = PBXBuildFile; fileRef = 4120077374AB985D7AD2EE89 /* JourneySummary.swift */; };
		ED81731AA79EFE4B1D746136 /* DiceRollView.swift in Sources */ = {isa = PBXBuildFile; fileRef = D80CE7F62882767E29A8AC06 /* DiceRollView.swift */; };
		F12263DF0DE9E67292F6AB06 /* courses.json in Resources */ = {isa = PBXBuildFile; fileRef = 2FB2C01086C5A7121DE5417D /* courses.json */; };
/* End PBXBuildFile section */

/* Begin PBXContainerItemProxy section */
		1B63B3BC5B88AF2BF8A1F793 /* PBXContainerItemProxy */ = {
			isa = PBXContainerItemProxy;
			containerPortal = 234C3EDF47630F7BD057A0C3 /* Project object */;
			proxyType = 1;
			remoteGlobalIDString = CCEF20FDF0C405A6F41295D2;
			remoteInfo = RailAngyerApp;
		};
		CA9411F0A0091622257B9148 /* PBXContainerItemProxy */ = {
			isa = PBXContainerItemProxy;
			containerPortal = 234C3EDF47630F7BD057A0C3 /* Project object */;
			proxyType = 1;
			remoteGlobalIDString = CCEF20FDF0C405A6F41295D2;
			remoteInfo = RailAngyerApp;
		};
/* End PBXContainerItemProxy section */

/* Begin PBXFileReference section */
		04EB9F6EBC7249DE65B2C846 /* ArrivalUITests.swift */ = {isa = PBXFileReference; lastKnownFileType = sourcecode.swift; path = ArrivalUITests.swift; sourceTree = "<group>"; };
		114D8464D7F83CF32457259D /* RailAngyerAppUITests.xctest */ = {isa = PBXFileReference; includeInIndex = 0; lastKnownFileType = wrapper.cfbundle; path = RailAngyerAppUITests.xctest; sourceTree = BUILT_PRODUCTS_DIR; };
		1156CFFC9852BBD282BE20DE /* Theme.swift */ = {isa = PBXFileReference; lastKnownFileType = sourcecode.swift; path = Theme.swift; sourceTree = "<group>"; };
		155472042CCA7F23234F9556 /* LocationService.swift */ = {isa = PBXFileReference; lastKnownFileType = sourcecode.swift; path = LocationService.swift; sourceTree = "<group>"; };
		15D222C291090136DEE94441 /* ApiClient.swift */ = {isa = PBXFileReference; lastKnownFileType = sourcecode.swift; path = ApiClient.swift; sourceTree = "<group>"; };
		160DDAA2061EA7F475B61D12 /* SyncServiceTests.swift */ = {isa = PBXFileReference; lastKnownFileType = sourcecode.swift; path = SyncServiceTests.swift; sourceTree = "<group>"; };
		17E8C15DCE6423AA6C330097 /* NotificationService.swift */ = {isa = PBXFileReference; lastKnownFileType = sourcecode.swift; path = NotificationService.swift; sourceTree = "<group>"; };
		17FD1F8322B5CA08A900795A /* nanboku_slow_asabu.gpx */ = {isa = PBXFileReference; lastKnownFileType = text.xml; path = nanboku_slow_asabu.gpx; sourceTree = "<group>"; };
		1BE146ABE7DE17202EA011B9 /* BoardMapView.swift */ = {isa = PBXFileReference; lastKnownFileType = sourcecode.swift; path = BoardMapView.swift; sourceTree = "<group>"; };
		1E0CB81EAFFC74827CB26EBF /* room.json */ = {isa = PBXFileReference; lastKnownFileType = text.json; path = room.json; sourceTree = "<group>"; };
		221879CB631B13ABDD16A06A /* RoomJoinView.swift */ = {isa = PBXFileReference; lastKnownFileType = sourcecode.swift; path = RoomJoinView.swift; sourceTree = "<group>"; };
		22A37C559F65A4BBB0C6E8C3 /* BoardView.swift */ = {isa = PBXFileReference; lastKnownFileType = sourcecode.swift; path = BoardView.swift; sourceTree = "<group>"; };
		22A4C352CE2E5D3474D7ADB1 /* nanboku_full.gpx */ = {isa = PBXFileReference; lastKnownFileType = text.xml; path = nanboku_full.gpx; sourceTree = "<group>"; };
		257D88AD64F7FB5DE49EDF5C /* RestoreUITests.swift */ = {isa = PBXFileReference; lastKnownFileType = sourcecode.swift; path = RestoreUITests.swift; sourceTree = "<group>"; };
		2FB2C01086C5A7121DE5417D /* courses.json */ = {isa = PBXFileReference; lastKnownFileType = text.json; path = courses.json; sourceTree = "<group>"; };
		3904705B0EEBD442E11E0313 /* StationMapView.swift */ = {isa = PBXFileReference; lastKnownFileType = sourcecode.swift; path = StationMapView.swift; sourceTree = "<group>"; };
		3A20C935B2EE85D434D111CF /* TurnFlowView.swift */ = {isa = PBXFileReference; lastKnownFileType = sourcecode.swift; path = TurnFlowView.swift; sourceTree = "<group>"; };
		3B470BF27494F68A94DA16FA /* SyncService.swift */ = {isa = PBXFileReference; lastKnownFileType = sourcecode.swift; path = SyncService.swift; sourceTree = "<group>"; };
		3C804299584BFF82C68B12EA /* StationDetailView.swift */ = {isa = PBXFileReference; lastKnownFileType = sourcecode.swift; path = StationDetailView.swift; sourceTree = "<group>"; };
		4120077374AB985D7AD2EE89 /* JourneySummary.swift */ = {isa = PBXFileReference; lastKnownFileType = sourcecode.swift; path = JourneySummary.swift; sourceTree = "<group>"; };
		525521B92A37E4A38094FC8D /* JourneySummaryTests.swift */ = {isa = PBXFileReference; lastKnownFileType = sourcecode.swift; path = JourneySummaryTests.swift; sourceTree = "<group>"; };
		52B71D4CDFE3DB6C27819831 /* RailAngyerApp.app */ = {isa = PBXFileReference; includeInIndex = 0; lastKnownFileType = wrapper.application; path = RailAngyerApp.app; sourceTree = BUILT_PRODUCTS_DIR; };
		5C2E5E2B5DA7E7520C6FC84B /* SummaryUITests.swift */ = {isa = PBXFileReference; lastKnownFileType = sourcecode.swift; path = SummaryUITests.swift; sourceTree = "<group>"; };
		62BEE5D3660CDE8F624EAC7C /* PendingChange.swift */ = {isa = PBXFileReference; lastKnownFileType = sourcecode.swift; path = PendingChange.swift; sourceTree = "<group>"; };
		836563870DB4BE41BCFBBCCE /* TestHooks.swift */ = {isa = PBXFileReference; lastKnownFileType = sourcecode.swift; path = TestHooks.swift; sourceTree = "<group>"; };
		83B5B044FA4688B323E2DFAA /* RailAngyerCore */ = {isa = PBXFileReference; lastKnownFileType = folder; name = RailAngyerCore; path = ../RailAngyerCore; sourceTree = SOURCE_ROOT; };
		86EDA20B5E18F9B06DC90198 /* GameSessionStore.swift */ = {isa = PBXFileReference; lastKnownFileType = sourcecode.swift; path = GameSessionStore.swift; sourceTree = "<group>"; };
		8A107F783F5AF89D260EEF38 /* MissionAuthoringTests.swift */ = {isa = PBXFileReference; lastKnownFileType = sourcecode.swift; path = MissionAuthoringTests.swift; sourceTree = "<group>"; };
		902E8A6CD54AD50C8860C443 /* ModelsTests.swift */ = {isa = PBXFileReference; lastKnownFileType = sourcecode.swift; path = ModelsTests.swift; sourceTree = "<group>"; };
		9577A67BEAAF07D613F921B7 /* CameraPicker.swift */ = {isa = PBXFileReference; lastKnownFileType = sourcecode.swift; path = CameraPicker.swift; sourceTree = "<group>"; };
		98F5289A8DF49229292880FD /* MasterSeeder.swift */ = {isa = PBXFileReference; lastKnownFileType = sourcecode.swift; path = MasterSeeder.swift; sourceTree = "<group>"; };
		991D4D681568F3FE6A5E97E4 /* MissionEditorView.swift */ = {isa = PBXFileReference; lastKnownFileType = sourcecode.swift; path = MissionEditorView.swift; sourceTree = "<group>"; };
		A23AB8C2D3BC3C1C41272684 /* RootView.swift */ = {isa = PBXFileReference; lastKnownFileType = sourcecode.swift; path = RootView.swift; sourceTree = "<group>"; };
		B72B7C5332DE0B303385DB2B /* Models.swift */ = {isa = PBXFileReference; lastKnownFileType = sourcecode.swift; path = Models.swift; sourceTree = "<group>"; };
		BC980FA50EF6D2BF43C9A954 /* JourneySummaryView.swift */ = {isa = PBXFileReference; lastKnownFileType = sourcecode.swift; path = JourneySummaryView.swift; sourceTree = "<group>"; };
		C36DD89E35D1609C0821E07B /* GamePhase.swift */ = {isa = PBXFileReference; lastKnownFileType = sourcecode.swift; path = GamePhase.swift; sourceTree = "<group>"; };
		CF3A114F4D1B965E9CACF242 /* RuleSettingsView.swift */ = {isa = PBXFileReference; lastKnownFileType = sourcecode.swift; path = RuleSettingsView.swift; sourceTree = "<group>"; };
		D11D3C151DB16D800074F495 /* ApiConfiguration.swift */ = {isa = PBXFileReference; lastKnownFileType = sourcecode.swift; path = ApiConfiguration.swift; sourceTree = "<group>"; };
		D6CDBAC8C60FB1763AE4CA74 /* Credentials.swift */ = {isa = PBXFileReference; lastKnownFileType = sourcecode.swift; path = Credentials.swift; sourceTree = "<group>"; };
		D701D86DF2DC79B5F9E7D2A3 /* nanboku_sapporo_nakanoshima.gpx */ = {isa = PBXFileReference; lastKnownFileType = text.xml; path = nanboku_sapporo_nakanoshima.gpx; sourceTree = "<group>"; };
		D80CE7F62882767E29A8AC06 /* DiceRollView.swift */ = {isa = PBXFileReference; lastKnownFileType = sourcecode.swift; path = DiceRollView.swift; sourceTree = "<group>"; };
		DC4114A3D977E18BF4C5CD2F /* RailAngyerAppTests.xctest */ = {isa = PBXFileReference; includeInIndex = 0; lastKnownFileType = wrapper.cfbundle; path = RailAngyerAppTests.xctest; sourceTree = BUILT_PRODUCTS_DIR; };
		EA6A195889CC18D3B9AEE608 /* AppMain.swift */ = {isa = PBXFileReference; lastKnownFileType = sourcecode.swift; path = AppMain.swift; sourceTree = "<group>"; };
		F104A1A3937B4371EB01F2D3 /* RouteProvider.swift */ = {isa = PBXFileReference; lastKnownFileType = sourcecode.swift; path = RouteProvider.swift; sourceTree = "<group>"; };
		F21752CFD8C22E0039BDF405 /* prepare-simulator.sh */ = {isa = PBXFileReference; lastKnownFileType = text.script.sh; path = "prepare-simulator.sh"; sourceTree = "<group>"; };
		F772C0174D0030FFE12D7BC7 /* GameSessionStoreTests.swift */ = {isa = PBXFileReference; lastKnownFileType = sourcecode.swift; path = GameSessionStoreTests.swift; sourceTree = "<group>"; };
		FFBD5F08B6D38E6F8547EF08 /* PhotoStore.swift */ = {isa = PBXFileReference; lastKnownFileType = sourcecode.swift; path = PhotoStore.swift; sourceTree = "<group>"; };
/* End PBXFileReference section */

/* Begin PBXFrameworksBuildPhase section */
		A1D54A5D089A2FB724E959C8 /* Frameworks */ = {
			isa = PBXFrameworksBuildPhase;
			buildActionMask = 2147483647;
			files = (
				22A5D43F082E8846A6E57A12 /* RailAngyerCore in Frameworks */,
			);
			runOnlyForDeploymentPostprocessing = 0;
		};
/* End PBXFrameworksBuildPhase section */

/* Begin PBXGroup section */
		053D5625118FCD9F80A50A25 /* Products */ = {
			isa = PBXGroup;
			children = (
				52B71D4CDFE3DB6C27819831 /* RailAngyerApp.app */,
				DC4114A3D977E18BF4C5CD2F /* RailAngyerAppTests.xctest */,
				114D8464D7F83CF32457259D /* RailAngyerAppUITests.xctest */,
			);
			name = Products;
			sourceTree = "<group>";
		};
		32B8061008BEF13180574D80 /* Packages */ = {
			isa = PBXGroup;
			children = (
				83B5B044FA4688B323E2DFAA /* RailAngyerCore */,
			);
			name = Packages;
			sourceTree = "<group>";
		};
		3690BE1B4A227DE6AC162B23 /* Fixtures */ = {
			isa = PBXGroup;
			children = (
				2FB2C01086C5A7121DE5417D /* courses.json */,
				1E0CB81EAFFC74827CB26EBF /* room.json */,
			);
			path = Fixtures;
			sourceTree = "<group>";
		};
		4B4276E0B38B0958F5104E08 /* Sync */ = {
			isa = PBXGroup;
			children = (
				15D222C291090136DEE94441 /* ApiClient.swift */,
				D11D3C151DB16D800074F495 /* ApiConfiguration.swift */,
				D6CDBAC8C60FB1763AE4CA74 /* Credentials.swift */,
				62BEE5D3660CDE8F624EAC7C /* PendingChange.swift */,
				3B470BF27494F68A94DA16FA /* SyncService.swift */,
			);
			path = Sync;
			sourceTree = "<group>";
		};
		4C992AE3B0F92B4AC09F8D7D /* TekuTekuRailway */ = {
			isa = PBXGroup;
			children = (
				EBB47FF49764298D16886708 /* tools */,
			);
			name = TekuTekuRailway;
			path = ..;
			sourceTree = "<group>";
		};
		5C621E7524853A340511638A /* Game */ = {
			isa = PBXGroup;
			children = (
				C36DD89E35D1609C0821E07B /* GamePhase.swift */,
				86EDA20B5E18F9B06DC90198 /* GameSessionStore.swift */,
				4120077374AB985D7AD2EE89 /* JourneySummary.swift */,
				155472042CCA7F23234F9556 /* LocationService.swift */,
				17E8C15DCE6423AA6C330097 /* NotificationService.swift */,
				FFBD5F08B6D38E6F8547EF08 /* PhotoStore.swift */,
				F104A1A3937B4371EB01F2D3 /* RouteProvider.swift */,
				836563870DB4BE41BCFBBCCE /* TestHooks.swift */,
			);
			path = Game;
			sourceTree = "<group>";
		};
		756A44AD1015702C57180D09 /* Sources */ = {
			isa = PBXGroup;
			children = (
				8CA7C736EF2D6FEE23CC4D23 /* App */,
				5C621E7524853A340511638A /* Game */,
				807C1110ED3831FB8489EC6C /* Models */,
				4B4276E0B38B0958F5104E08 /* Sync */,
				A5BFFB878130A1D100436850 /* Views */,
			);
			path = Sources;
			sourceTree = "<group>";
		};
		807C1110ED3831FB8489EC6C /* Models */ = {
			isa = PBXGroup;
			children = (
				98F5289A8DF49229292880FD /* MasterSeeder.swift */,
				B72B7C5332DE0B303385DB2B /* Models.swift */,
			);
			path = Models;
			sourceTree = "<group>";
		};
		8CA7C736EF2D6FEE23CC4D23 /* App */ = {
			isa = PBXGroup;
			children = (
				EA6A195889CC18D3B9AEE608 /* AppMain.swift */,
			);
			path = App;
			sourceTree = "<group>";
		};
		8F8CCFFA211A98B9DBB92DC7 = {
			isa = PBXGroup;
			children = (
				32B8061008BEF13180574D80 /* Packages */,
				756A44AD1015702C57180D09 /* Sources */,
				4C992AE3B0F92B4AC09F8D7D /* TekuTekuRailway */,
				DCDBB0DF0B6A5C4C1B1F264A /* Tests */,
				9FEF600C016C3AD118D85AB4 /* UITests */,
				053D5625118FCD9F80A50A25 /* Products */,
			);
			sourceTree = "<group>";
		};
		9FEF600C016C3AD118D85AB4 /* UITests */ = {
			isa = PBXGroup;
			children = (
				04EB9F6EBC7249DE65B2C846 /* ArrivalUITests.swift */,
				257D88AD64F7FB5DE49EDF5C /* RestoreUITests.swift */,
				5C2E5E2B5DA7E7520C6FC84B /* SummaryUITests.swift */,
			);
			path = UITests;
			sourceTree = "<group>";
		};
		A5BFFB878130A1D100436850 /* Views */ = {
			isa = PBXGroup;
			children = (
				1BE146ABE7DE17202EA011B9 /* BoardMapView.swift */,
				22A37C559F65A4BBB0C6E8C3 /* BoardView.swift */,
				9577A67BEAAF07D613F921B7 /* CameraPicker.swift */,
				D80CE7F62882767E29A8AC06 /* DiceRollView.swift */,
				BC980FA50EF6D2BF43C9A954 /* JourneySummaryView.swift */,
				991D4D681568F3FE6A5E97E4 /* MissionEditorView.swift */,
				221879CB631B13ABDD16A06A /* RoomJoinView.swift */,
				A23AB8C2D3BC3C1C41272684 /* RootView.swift */,
				CF3A114F4D1B965E9CACF242 /* RuleSettingsView.swift */,
				3C804299584BFF82C68B12EA /* StationDetailView.swift */,
				3904705B0EEBD442E11E0313 /* StationMapView.swift */,
				1156CFFC9852BBD282BE20DE /* Theme.swift */,
				3A20C935B2EE85D434D111CF /* TurnFlowView.swift */,
			);
			path = Views;
			sourceTree = "<group>";
		};
		DCDBB0DF0B6A5C4C1B1F264A /* Tests */ = {
			isa = PBXGroup;
			children = (
				3690BE1B4A227DE6AC162B23 /* Fixtures */,
				F772C0174D0030FFE12D7BC7 /* GameSessionStoreTests.swift */,
				525521B92A37E4A38094FC8D /* JourneySummaryTests.swift */,
				8A107F783F5AF89D260EEF38 /* MissionAuthoringTests.swift */,
				902E8A6CD54AD50C8860C443 /* ModelsTests.swift */,
				160DDAA2061EA7F475B61D12 /* SyncServiceTests.swift */,
			);
			path = Tests;
			sourceTree = "<group>";
		};
		EBB47FF49764298D16886708 /* tools */ = {
			isa = PBXGroup;
			children = (
				22A4C352CE2E5D3474D7ADB1 /* nanboku_full.gpx */,
				D701D86DF2DC79B5F9E7D2A3 /* nanboku_sapporo_nakanoshima.gpx */,
				17FD1F8322B5CA08A900795A /* nanboku_slow_asabu.gpx */,
				F21752CFD8C22E0039BDF405 /* prepare-simulator.sh */,
			);
			path = tools;
			sourceTree = "<group>";
		};
/* End PBXGroup section */

/* Begin PBXNativeTarget section */
		8758DBB3BC58E5740D32772F /* RailAngyerAppTests */ = {
			isa = PBXNativeTarget;
			buildConfigurationList = 92FFD654B7EDAB9C5EF05678 /* Build configuration list for PBXNativeTarget "RailAngyerAppTests" */;
			buildPhases = (
				9478957569901CD05C0FB8A8 /* Sources */,
				8D93BEBB8A71D495E57C4851 /* Resources */,
			);
			buildRules = (
			);
			dependencies = (
				BF70E2A4B4246DCC6DF8E530 /* PBXTargetDependency */,
			);
			name = RailAngyerAppTests;
			packageProductDependencies = (
			);
			productName = RailAngyerAppTests;
			productReference = DC4114A3D977E18BF4C5CD2F /* RailAngyerAppTests.xctest */;
			productType = "com.apple.product-type.bundle.unit-test";
		};
		CCEF20FDF0C405A6F41295D2 /* RailAngyerApp */ = {
			isa = PBXNativeTarget;
			buildConfigurationList = 1DAD083941D7D04F7F484156 /* Build configuration list for PBXNativeTarget "RailAngyerApp" */;
			buildPhases = (
				E35E6206C05E0E8CCEB47AE1 /* Sources */,
				A1D54A5D089A2FB724E959C8 /* Frameworks */,
			);
			buildRules = (
			);
			dependencies = (
			);
			name = RailAngyerApp;
			packageProductDependencies = (
				02DE3152D31178D49884EE7D /* RailAngyerCore */,
			);
			productName = RailAngyerApp;
			productReference = 52B71D4CDFE3DB6C27819831 /* RailAngyerApp.app */;
			productType = "com.apple.product-type.application";
		};
		E0148440E85B003E6638EB5B /* RailAngyerAppUITests */ = {
			isa = PBXNativeTarget;
			buildConfigurationList = E47729BED4DA88CE44B92CC4 /* Build configuration list for PBXNativeTarget "RailAngyerAppUITests" */;
			buildPhases = (
				690E6287758CEB64720D00B9 /* Sources */,
			);
			buildRules = (
			);
			dependencies = (
				AB1028A267A15A8E501737B2 /* PBXTargetDependency */,
			);
			name = RailAngyerAppUITests;
			packageProductDependencies = (
			);
			productName = RailAngyerAppUITests;
			productReference = 114D8464D7F83CF32457259D /* RailAngyerAppUITests.xctest */;
			productType = "com.apple.product-type.bundle.ui-testing";
		};
/* End PBXNativeTarget section */

/* Begin PBXProject section */
		234C3EDF47630F7BD057A0C3 /* Project object */ = {
			isa = PBXProject;
			attributes = {
				BuildIndependentTargetsInParallel = YES;
				LastUpgradeCheck = 1430;
				TargetAttributes = {
					CCEF20FDF0C405A6F41295D2 = {
						DevelopmentTeam = "";
						ProvisioningStyle = Automatic;
					};
					E0148440E85B003E6638EB5B = {
						TestTargetID = CCEF20FDF0C405A6F41295D2;
					};
				};
			};
			buildConfigurationList = C6909E60D17C055158CAF113 /* Build configuration list for PBXProject "RailAngyerApp" */;
			developmentRegion = en;
			hasScannedForEncodings = 0;
			knownRegions = (
				Base,
				en,
			);
			mainGroup = 8F8CCFFA211A98B9DBB92DC7;
			minimizedProjectReferenceProxies = 1;
			packageReferences = (
				1EC6849C981ECED2284BF938 /* XCLocalSwiftPackageReference "../RailAngyerCore" */,
			);
			preferredProjectObjectVersion = 77;
			productRefGroup = 053D5625118FCD9F80A50A25 /* Products */;
			projectDirPath = "";
			projectRoot = "";
			targets = (
				CCEF20FDF0C405A6F41295D2 /* RailAngyerApp */,
				8758DBB3BC58E5740D32772F /* RailAngyerAppTests */,
				E0148440E85B003E6638EB5B /* RailAngyerAppUITests */,
			);
		};
/* End PBXProject section */

/* Begin PBXResourcesBuildPhase section */
		8D93BEBB8A71D495E57C4851 /* Resources */ = {
			isa = PBXResourcesBuildPhase;
			buildActionMask = 2147483647;
			files = (
				F12263DF0DE9E67292F6AB06 /* courses.json in Resources */,
				518D2299AA99EBE7576AE457 /* room.json in Resources */,
			);
			runOnlyForDeploymentPostprocessing = 0;
		};
/* End PBXResourcesBuildPhase section */

/* Begin PBXSourcesBuildPhase section */
		690E6287758CEB64720D00B9 /* Sources */ = {
			isa = PBXSourcesBuildPhase;
			buildActionMask = 2147483647;
			files = (
				389DA0D9ABC840A4ADD54710 /* ArrivalUITests.swift in Sources */,
				6DAFF2B6642475CE585D1E79 /* RestoreUITests.swift in Sources */,
				D1DC90E4DD017E7A2D148E08 /* SummaryUITests.swift in Sources */,
			);
			runOnlyForDeploymentPostprocessing = 0;
		};
		9478957569901CD05C0FB8A8 /* Sources */ = {
			isa = PBXSourcesBuildPhase;
			buildActionMask = 2147483647;
			files = (
				4709BDB2B2425BDFE948D576 /* GameSessionStoreTests.swift in Sources */,
				5B961AED1559EB70F013838F /* JourneySummaryTests.swift in Sources */,
				E8603608EFD0FA690EAE2E9E /* MissionAuthoringTests.swift in Sources */,
				2255CD8A38B9304186C7AEEA /* ModelsTests.swift in Sources */,
				2FC555F24DCF7ACFD0621AC1 /* SyncServiceTests.swift in Sources */,
			);
			runOnlyForDeploymentPostprocessing = 0;
		};
		E35E6206C05E0E8CCEB47AE1 /* Sources */ = {
			isa = PBXSourcesBuildPhase;
			buildActionMask = 2147483647;
			files = (
				6B90BA797C9F4391AB152AA5 /* ApiClient.swift in Sources */,
				C6E478F22C510D5C793EFB7C /* ApiConfiguration.swift in Sources */,
				39C8D61D33C7AAE834005CE2 /* AppMain.swift in Sources */,
				CEBEE71543D6AE2739E150E0 /* BoardMapView.swift in Sources */,
				966F47B6C8E340A3AB9A6243 /* BoardView.swift in Sources */,
				128DFB62618F00A15A292B2C /* CameraPicker.swift in Sources */,
				6404ED69DE04AC95DF1BB2E7 /* Credentials.swift in Sources */,
				ED81731AA79EFE4B1D746136 /* DiceRollView.swift in Sources */,
				04C0AE56A4F2D2F759E6D415 /* GamePhase.swift in Sources */,
				B5E0CB7D0FBDB714DD495CCA /* GameSessionStore.swift in Sources */,
				EAEEBA59ABAC4657C7A1758F /* JourneySummary.swift in Sources */,
				4BA80320271A109545402F7F /* JourneySummaryView.swift in Sources */,
				61D5521E731DFC7E0520012D /* LocationService.swift in Sources */,
				0B970CE292C1D02F674C526B /* MasterSeeder.swift in Sources */,
				172A96FBBF9EF7A12C8A95D5 /* MissionEditorView.swift in Sources */,
				E686C96515C035CA38FB915A /* Models.swift in Sources */,
				082E2A379FE47761F6BD6976 /* NotificationService.swift in Sources */,
				E575A53038C1F1C67FB303D5 /* PendingChange.swift in Sources */,
				1D35FAFF3B2971A9C6558F74 /* PhotoStore.swift in Sources */,
				582BE1269E3829872FFDF18E /* RoomJoinView.swift in Sources */,
				00F134CDB673ECC381CA12DB /* RootView.swift in Sources */,
				C645F4276FC93A61AC1DCC61 /* RouteProvider.swift in Sources */,
				0FB2755F66F5820C34CE4DCB /* RuleSettingsView.swift in Sources */,
				E36E935AA4775E010D471D82 /* StationDetailView.swift in Sources */,
				7F846552B332E52C174977BA /* StationMapView.swift in Sources */,
				C4662713B87E70F0BFB73B47 /* SyncService.swift in Sources */,
				3886453DD60AFC30114F1E53 /* TestHooks.swift in Sources */,
				E27F9C000C9A3626C3330A3A /* Theme.swift in Sources */,
				9CD1FD877E1C1FC1E87686F2 /* TurnFlowView.swift in Sources */,
			);
			runOnlyForDeploymentPostprocessing = 0;
		};
/* End PBXSourcesBuildPhase section */

/* Begin PBXTargetDependency section */
		AB1028A267A15A8E501737B2 /* PBXTargetDependency */ = {
			isa = PBXTargetDependency;
			target = CCEF20FDF0C405A6F41295D2 /* RailAngyerApp */;
			targetProxy = 1B63B3BC5B88AF2BF8A1F793 /* PBXContainerItemProxy */;
		};
		BF70E2A4B4246DCC6DF8E530 /* PBXTargetDependency */ = {
			isa = PBXTargetDependency;
			target = CCEF20FDF0C405A6F41295D2 /* RailAngyerApp */;
			targetProxy = CA9411F0A0091622257B9148 /* PBXContainerItemProxy */;
		};
/* End PBXTargetDependency section */

/* Begin XCBuildConfiguration section */
		3996D31C35CCBCA0ED71896C /* Release */ = {
			isa = XCBuildConfiguration;
			buildSettings = {
				ALWAYS_SEARCH_USER_PATHS = NO;
				CLANG_ANALYZER_NONNULL = YES;
				CLANG_ANALYZER_NUMBER_OBJECT_CONVERSION = YES_AGGRESSIVE;
				CLANG_CXX_LANGUAGE_STANDARD = "gnu++14";
				CLANG_CXX_LIBRARY = "libc++";
				CLANG_ENABLE_MODULES = YES;
				CLANG_ENABLE_OBJC_ARC = YES;
				CLANG_ENABLE_OBJC_WEAK = YES;
				CLANG_WARN_BLOCK_CAPTURE_AUTORELEASING = YES;
				CLANG_WARN_BOOL_CONVERSION = YES;
				CLANG_WARN_COMMA = YES;
				CLANG_WARN_CONSTANT_CONVERSION = YES;
				CLANG_WARN_DEPRECATED_OBJC_IMPLEMENTATIONS = YES;
				CLANG_WARN_DIRECT_OBJC_ISA_USAGE = YES_ERROR;
				CLANG_WARN_DOCUMENTATION_COMMENTS = YES;
				CLANG_WARN_EMPTY_BODY = YES;
				CLANG_WARN_ENUM_CONVERSION = YES;
				CLANG_WARN_INFINITE_RECURSION = YES;
				CLANG_WARN_INT_CONVERSION = YES;
				CLANG_WARN_NON_LITERAL_NULL_CONVERSION = YES;
				CLANG_WARN_OBJC_IMPLICIT_RETAIN_SELF = YES;
				CLANG_WARN_OBJC_LITERAL_CONVERSION = YES;
				CLANG_WARN_OBJC_ROOT_CLASS = YES_ERROR;
				CLANG_WARN_QUOTED_INCLUDE_IN_FRAMEWORK_HEADER = YES;
				CLANG_WARN_RANGE_LOOP_ANALYSIS = YES;
				CLANG_WARN_STRICT_PROTOTYPES = YES;
				CLANG_WARN_SUSPICIOUS_MOVE = YES;
				CLANG_WARN_UNGUARDED_AVAILABILITY = YES_AGGRESSIVE;
				CLANG_WARN_UNREACHABLE_CODE = YES;
				CLANG_WARN__DUPLICATE_METHOD_MATCH = YES;
				COPY_PHASE_STRIP = NO;
				DEBUG_INFORMATION_FORMAT = "dwarf-with-dsym";
				ENABLE_NS_ASSERTIONS = NO;
				ENABLE_STRICT_OBJC_MSGSEND = YES;
				GCC_C_LANGUAGE_STANDARD = gnu11;
				GCC_NO_COMMON_BLOCKS = YES;
				GCC_WARN_64_TO_32_BIT_CONVERSION = YES;
				GCC_WARN_ABOUT_RETURN_TYPE = YES_ERROR;
				GCC_WARN_UNDECLARED_SELECTOR = YES;
				GCC_WARN_UNINITIALIZED_AUTOS = YES_AGGRESSIVE;
				GCC_WARN_UNUSED_FUNCTION = YES;
				GCC_WARN_UNUSED_VARIABLE = YES;
				IPHONEOS_DEPLOYMENT_TARGET = 17.0;
				MTL_ENABLE_DEBUG_INFO = NO;
				MTL_FAST_MATH = YES;
				PRODUCT_NAME = "$(TARGET_NAME)";
				SDKROOT = iphoneos;
				SWIFT_COMPILATION_MODE = wholemodule;
				SWIFT_OPTIMIZATION_LEVEL = "-O";
				SWIFT_VERSION = 5.0;
			};
			name = Release;
		};
		7797950179628D968136A657 /* Debug */ = {
			isa = XCBuildConfiguration;
			buildSettings = {
				ASSETCATALOG_COMPILER_APPICON_NAME = AppIcon;
				CODE_SIGN_IDENTITY = "iPhone Developer";
				CODE_SIGN_STYLE = Automatic;
				DEVELOPMENT_TEAM = "";
				ENABLE_USER_SCRIPT_SANDBOXING = YES;
				GENERATE_INFOPLIST_FILE = NO;
				INFOPLIST_FILE = Info.plist;
				LD_RUNPATH_SEARCH_PATHS = (
					"$(inherited)",
					"@executable_path/Frameworks",
				);
				PRODUCT_BUNDLE_IDENTIFIER = "com.non-migi.RailAngyerApp";
				SDKROOT = iphoneos;
				SWIFT_VERSION = 5.0;
				TARGETED_DEVICE_FAMILY = 1;
			};
			name = Debug;
		};
		83E25D1968E646748B2D0052 /* Debug */ = {
			isa = XCBuildConfiguration;
			buildSettings = {
				BUNDLE_LOADER = "$(TEST_HOST)";
				GENERATE_INFOPLIST_FILE = YES;
				LD_RUNPATH_SEARCH_PATHS = (
					"$(inherited)",
					"@executable_path/Frameworks",
					"@loader_path/Frameworks",
				);
				PRODUCT_BUNDLE_IDENTIFIER = "com.non-migi.RailAngyerAppUITests";
				SDKROOT = iphoneos;
				SWIFT_VERSION = 5.0;
				TARGETED_DEVICE_FAMILY = "1,2";
				TEST_TARGET_NAME = RailAngyerApp;
			};
			name = Debug;
		};
		8BC0674339BFEEFD528A23EE /* Release */ = {
			isa = XCBuildConfiguration;
			buildSettings = {
				BUNDLE_LOADER = "$(TEST_HOST)";
				GENERATE_INFOPLIST_FILE = YES;
				LD_RUNPATH_SEARCH_PATHS = (
					"$(inherited)",
					"@executable_path/Frameworks",
					"@loader_path/Frameworks",
				);
				PRODUCT_BUNDLE_IDENTIFIER = "com.non-migi.RailAngyerAppTests";
				SDKROOT = iphoneos;
				SWIFT_VERSION = 5.0;
				TARGETED_DEVICE_FAMILY = "1,2";
				TEST_HOST = "$(BUILT_PRODUCTS_DIR)/RailAngyerApp.app/RailAngyerApp";
			};
			name = Release;
		};
		9B7FBD571794C2D2C84E250F /* Release */ = {
			isa = XCBuildConfiguration;
			buildSettings = {
				BUNDLE_LOADER = "$(TEST_HOST)";
				GENERATE_INFOPLIST_FILE = YES;
				LD_RUNPATH_SEARCH_PATHS = (
					"$(inherited)",
					"@executable_path/Frameworks",
					"@loader_path/Frameworks",
				);
				PRODUCT_BUNDLE_IDENTIFIER = "com.non-migi.RailAngyerAppUITests";
				SDKROOT = iphoneos;
				SWIFT_VERSION = 5.0;
				TARGETED_DEVICE_FAMILY = "1,2";
				TEST_TARGET_NAME = RailAngyerApp;
			};
			name = Release;
		};
		9DCA37B94D2834EA2673AAC8 /* Debug */ = {
			isa = XCBuildConfiguration;
			buildSettings = {
				ALWAYS_SEARCH_USER_PATHS = NO;
				CLANG_ANALYZER_NONNULL = YES;
				CLANG_ANALYZER_NUMBER_OBJECT_CONVERSION = YES_AGGRESSIVE;
				CLANG_CXX_LANGUAGE_STANDARD = "gnu++14";
				CLANG_CXX_LIBRARY = "libc++";
				CLANG_ENABLE_MODULES = YES;
				CLANG_ENABLE_OBJC_ARC = YES;
				CLANG_ENABLE_OBJC_WEAK = YES;
				CLANG_WARN_BLOCK_CAPTURE_AUTORELEASING = YES;
				CLANG_WARN_BOOL_CONVERSION = YES;
				CLANG_WARN_COMMA = YES;
				CLANG_WARN_CONSTANT_CONVERSION = YES;
				CLANG_WARN_DEPRECATED_OBJC_IMPLEMENTATIONS = YES;
				CLANG_WARN_DIRECT_OBJC_ISA_USAGE = YES_ERROR;
				CLANG_WARN_DOCUMENTATION_COMMENTS = YES;
				CLANG_WARN_EMPTY_BODY = YES;
				CLANG_WARN_ENUM_CONVERSION = YES;
				CLANG_WARN_INFINITE_RECURSION = YES;
				CLANG_WARN_INT_CONVERSION = YES;
				CLANG_WARN_NON_LITERAL_NULL_CONVERSION = YES;
				CLANG_WARN_OBJC_IMPLICIT_RETAIN_SELF = YES;
				CLANG_WARN_OBJC_LITERAL_CONVERSION = YES;
				CLANG_WARN_OBJC_ROOT_CLASS = YES_ERROR;
				CLANG_WARN_QUOTED_INCLUDE_IN_FRAMEWORK_HEADER = YES;
				CLANG_WARN_RANGE_LOOP_ANALYSIS = YES;
				CLANG_WARN_STRICT_PROTOTYPES = YES;
				CLANG_WARN_SUSPICIOUS_MOVE = YES;
				CLANG_WARN_UNGUARDED_AVAILABILITY = YES_AGGRESSIVE;
				CLANG_WARN_UNREACHABLE_CODE = YES;
				CLANG_WARN__DUPLICATE_METHOD_MATCH = YES;
				COPY_PHASE_STRIP = NO;
				DEBUG_INFORMATION_FORMAT = dwarf;
				ENABLE_STRICT_OBJC_MSGSEND = YES;
				ENABLE_TESTABILITY = YES;
				GCC_C_LANGUAGE_STANDARD = gnu11;
				GCC_DYNAMIC_NO_PIC = NO;
				GCC_NO_COMMON_BLOCKS = YES;
				GCC_OPTIMIZATION_LEVEL = 0;
				GCC_PREPROCESSOR_DEFINITIONS = (
					"$(inherited)",
					"DEBUG=1",
				);
				GCC_WARN_64_TO_32_BIT_CONVERSION = YES;
				GCC_WARN_ABOUT_RETURN_TYPE = YES_ERROR;
				GCC_WARN_UNDECLARED_SELECTOR = YES;
				GCC_WARN_UNINITIALIZED_AUTOS = YES_AGGRESSIVE;
				GCC_WARN_UNUSED_FUNCTION = YES;
				GCC_WARN_UNUSED_VARIABLE = YES;
				IPHONEOS_DEPLOYMENT_TARGET = 17.0;
				MTL_ENABLE_DEBUG_INFO = INCLUDE_SOURCE;
				MTL_FAST_MATH = YES;
				ONLY_ACTIVE_ARCH = YES;
				PRODUCT_NAME = "$(TARGET_NAME)";
				SDKROOT = iphoneos;
				SWIFT_ACTIVE_COMPILATION_CONDITIONS = DEBUG;
				SWIFT_OPTIMIZATION_LEVEL = "-Onone";
				SWIFT_VERSION = 5.0;
			};
			name = Debug;
		};
		CE9C5051952C1A30132699D5 /* Debug */ = {
			isa = XCBuildConfiguration;
			buildSettings = {
				BUNDLE_LOADER = "$(TEST_HOST)";
				GENERATE_INFOPLIST_FILE = YES;
				LD_RUNPATH_SEARCH_PATHS = (
					"$(inherited)",
					"@executable_path/Frameworks",
					"@loader_path/Frameworks",
				);
				PRODUCT_BUNDLE_IDENTIFIER = "com.non-migi.RailAngyerAppTests";
				SDKROOT = iphoneos;
				SWIFT_VERSION = 5.0;
				TARGETED_DEVICE_FAMILY = "1,2";
				TEST_HOST = "$(BUILT_PRODUCTS_DIR)/RailAngyerApp.app/RailAngyerApp";
			};
			name = Debug;
		};
		E30A958F61B886DB06F1BC7B /* Release */ = {
			isa = XCBuildConfiguration;
			buildSettings = {
				ASSETCATALOG_COMPILER_APPICON_NAME = AppIcon;
				CODE_SIGN_IDENTITY = "iPhone Developer";
				CODE_SIGN_STYLE = Automatic;
				DEVELOPMENT_TEAM = "";
				ENABLE_USER_SCRIPT_SANDBOXING = YES;
				GENERATE_INFOPLIST_FILE = NO;
				INFOPLIST_FILE = Info.plist;
				LD_RUNPATH_SEARCH_PATHS = (
					"$(inherited)",
					"@executable_path/Frameworks",
				);
				PRODUCT_BUNDLE_IDENTIFIER = "com.non-migi.RailAngyerApp";
				SDKROOT = iphoneos;
				SWIFT_VERSION = 5.0;
				TARGETED_DEVICE_FAMILY = 1;
			};
			name = Release;
		};
/* End XCBuildConfiguration section */

/* Begin XCConfigurationList section */
		1DAD083941D7D04F7F484156 /* Build configuration list for PBXNativeTarget "RailAngyerApp" */ = {
			isa = XCConfigurationList;
			buildConfigurations = (
				7797950179628D968136A657 /* Debug */,
				E30A958F61B886DB06F1BC7B /* Release */,
			);
			defaultConfigurationIsVisible = 0;
			defaultConfigurationName = Debug;
		};
		92FFD654B7EDAB9C5EF05678 /* Build configuration list for PBXNativeTarget "RailAngyerAppTests" */ = {
			isa = XCConfigurationList;
			buildConfigurations = (
				CE9C5051952C1A30132699D5 /* Debug */,
				8BC0674339BFEEFD528A23EE /* Release */,
			);
			defaultConfigurationIsVisible = 0;
			defaultConfigurationName = Debug;
		};
		C6909E60D17C055158CAF113 /* Build configuration list for PBXProject "RailAngyerApp" */ = {
			isa = XCConfigurationList;
			buildConfigurations = (
				9DCA37B94D2834EA2673AAC8 /* Debug */,
				3996D31C35CCBCA0ED71896C /* Release */,
			);
			defaultConfigurationIsVisible = 0;
			defaultConfigurationName = Debug;
		};
		E47729BED4DA88CE44B92CC4 /* Build configuration list for PBXNativeTarget "RailAngyerAppUITests" */ = {
			isa = XCConfigurationList;
			buildConfigurations = (
				83E25D1968E646748B2D0052 /* Debug */,
				9B7FBD571794C2D2C84E250F /* Release */,
			);
			defaultConfigurationIsVisible = 0;
			defaultConfigurationName = Debug;
		};
/* End XCConfigurationList section */

/* Begin XCLocalSwiftPackageReference section */
		1EC6849C981ECED2284BF938 /* XCLocalSwiftPackageReference "../RailAngyerCore" */ = {
			isa = XCLocalSwiftPackageReference;
			relativePath = ../RailAngyerCore;
		};
/* End XCLocalSwiftPackageReference section */

/* Begin XCSwiftPackageProductDependency section */
		02DE3152D31178D49884EE7D /* RailAngyerCore */ = {
			isa = XCSwiftPackageProductDependency;
			productName = RailAngyerCore;
		};
/* End XCSwiftPackageProductDependency section */
	};
	rootObject = 234C3EDF47630F7BD057A0C3 /* Project object */;
}
