{
  "originHash" : "7a82507f122c4bdc45885706f4881151bb0d744cf8043a28065e033828f157ea",
  "pins" : [
    {
      "identity" : "swiftsdk",
      "kind" : "remoteSourceControl",
      "location" : "https://github.com/TelemetryDeck/SwiftSDK",
      "state" : {
        "revision" : "58f436299d3f6710bcedc18aff26480aaf1879fc",
        "version" : "2.14.2"
      }
    }
  ],
  "version" : 3
}
